
Microsoft Visual Studio Solution File, Format Version 12.00
# Visual Studio Version 17
VisualStudioVersion = 17.10.35004.147
MinimumVisualStudioVersion = 10.0.40219.1
Project("{FAE04EC0-301F-11D3-BF4B-00C04F79EFBC}") = "MusicAlbumsShop", "MusicAlbumsShop\MusicAlbumsShop.csproj", "{7A474B13-06E4-4796-B64F-37A01E53E731}"
EndProject
Project("{FAE04EC0-301F-11D3-BF4B-00C04F79EFBC}") = "Tests", "Tests\Tests.csproj", "{A47D367D-E011-4280-8282-FECA857232CE}"
EndProject
Global
	GlobalSection(SolutionConfigurationPlatforms) = preSolution
		Debug|Any CPU = Debug|Any CPU
		Release|Any CPU = Release|Any CPU
	EndGlobalSection
	GlobalSection(ProjectConfigurationPlatforms) = postSolution
		{7A474B13-06E4-4796-B64F-37A01E53E731}.Debug|Any CPU.ActiveCfg = Debug|Any CPU
		{7A474B13-06E4-4796-B64F-37A01E53E731}.Debug|Any CPU.Build.0 = Debug|Any CPU
		{7A474B13-06E4-4796-B64F-37A01E53E731}.Release|Any CPU.ActiveCfg = Release|Any CPU
		{7A474B13-06E4-4796-B64F-37A01E53E731}.Release|Any CPU.Build.0 = Release|Any CPU
		{A47D367D-E011-4280-8282-FECA857232CE}.Debug|Any CPU.ActiveCfg = Debug|Any CPU
		{A47D367D-E011-4280-8282-FECA857232CE}.Debug|Any CPU.Build.0 = Debug|Any CPU
		{A47D367D-E011-4280-8282-FECA857232CE}.Release|Any CPU.ActiveCfg = Release|Any CPU
		{A47D367D-E011-4280-8282-FECA857232CE}.Release|Any CPU.Build.0 = Release|Any CPU
	EndGlobalSection
	GlobalSection(SolutionProperties) = preSolution
		HideSolutionNode = FALSE
	EndGlobalSection
	GlobalSection(ExtensibilityGlobals) = postSolution
		SolutionGuid = {451DD532-4875-4D19-9F95-976ED82C6902}
	EndGlobalSection
EndGlobal
